{
  "version": 4,
  "terraform_version": "0.12.26",
  "serial": 9,
  "lineage": "3efaa6d6-c5e1-ca22-0031-c31b15a4b730",
  "outputs": {},
  "resources": [
    {
      "mode": "managed",
      "type": "snowflake_database",
      "name": "db_ANALYTICS_TEST",
      "provider": "provider.snowflake",
      "instances": [
        {
          "schema_version": 0,
          "attributes": {
            "comment": "ADEWERRY testing",
            "data_retention_time_in_days": 14,
            "from_database": null,
            "from_share": null,
            "id": "ANALYTICS_TEST",
            "name": "ANALYTICS_TEST"
          },
          "private": "bnVsbA=="
        }
      ]
    },
    {
      "mode": "managed",
      "type": "snowflake_database_grant",
      "name": "modify_grants_on_db_ANALYTICS_TEST",
      "provider": "provider.snowflake",
      "instances": [
        {
          "schema_version": 0,
          "attributes": {
            "database_name": "ANALYTICS_TEST",
            "id": "ANALYTICS_TEST|||MODIFY",
            "privilege": "MODIFY",
            "roles": [
              "BI_ANALYST"
            ],
            "shares": null
          },
          "private": "bnVsbA==",
          "dependencies": [
            "module.rbac.snowflake_role.role_BI_ANALYST",
            "snowflake_database.db_ANALYTICS_TEST"
          ]
        }
      ]
    },
    {
      "mode": "managed",
      "type": "snowflake_database_grant",
      "name": "usage_grants_on_db_ANALYTICS_TEST",
      "provider": "provider.snowflake",
      "instances": [
        {
          "schema_version": 0,
          "attributes": {
            "database_name": "ANALYTICS_TEST",
            "id": "ANALYTICS_TEST|||USAGE",
            "privilege": "USAGE",
            "roles": [
              "BI_ANALYST"
            ],
            "shares": null
          },
          "private": "bnVsbA==",
          "dependencies": [
            "module.rbac.snowflake_role.role_BI_ANALYST",
            "snowflake_database.db_ANALYTICS_TEST"
          ]
        }
      ]
    },
    {
      "module": "module.rbac",
      "mode": "managed",
      "type": "snowflake_role",
      "name": "role_BI_ANALYST",
      "provider": "module.rbac.provider.snowflake.security",
      "instances": [
        {
          "schema_version": 0,
          "attributes": {
            "comment": "ADEWBERRY Testing",
            "id": "BI_ANALYST",
            "name": "BI_ANALYST"
          },
          "private": "bnVsbA=="
        }
      ]
    },
    {
      "module": "module.rbac",
      "mode": "managed",
      "type": "snowflake_role",
      "name": "role_DATA_ANALYST",
      "provider": "module.rbac.provider.snowflake.security",
      "instances": [
        {
          "schema_version": 0,
          "attributes": {
            "comment": "ADEWBERRY Testing",
            "id": "DATA_ANALYST",
            "name": "DATA_ANALYST"
          },
          "private": "bnVsbA=="
        }
      ]
    },
    {
      "module": "module.rbac",
      "mode": "managed",
      "type": "snowflake_role_grants",
      "name": "grants_on_role_DATA_ANALYST",
      "provider": "module.rbac.provider.snowflake.security",
      "instances": [
        {
          "schema_version": 0,
          "attributes": {
            "id": "DATA_ANALYST",
            "role_name": "DATA_ANALYST",
            "roles": [
              "BI_ANALYST"
            ],
            "users": [
              "ANALYST"
            ]
          },
          "private": "bnVsbA==",
          "dependencies": [
            "module.rbac.snowflake_role.role_BI_ANALYST",
            "module.rbac.snowflake_role.role_DATA_ANALYST",
            "module.rbac.snowflake_user.user_ANALYST"
          ]
        }
      ]
    },
    {
      "module": "module.rbac",
      "mode": "managed",
      "type": "snowflake_user",
      "name": "user_ANALYST",
      "provider": "module.rbac.provider.snowflake.security",
      "instances": [
        {
          "schema_version": 0,
          "attributes": {
            "comment": "ADEWBERRY Testing",
            "default_namespace": "",
            "default_role": "PUBLIC",
            "default_warehouse": "",
            "disabled": false,
            "has_rsa_public_key": false,
            "id": "ANALYST",
            "login_name": "ANALYST",
            "must_change_password": true,
            "name": "ANALYST",
            "password": "replace",
            "rsa_public_key": null,
            "rsa_public_key_2": null
          },
          "private": "bnVsbA=="
        }
      ]
    },
    {
      "module": "module.rbac",
      "mode": "managed",
      "type": "snowflake_warehouse",
      "name": "warehouse_Marketing",
      "provider": "module.rbac.provider.snowflake",
      "instances": [
        {
          "schema_version": 0,
          "attributes": {
            "auto_resume": true,
            "auto_suspend": 90,
            "comment": "ADEWBERRY Test",
            "id": "Marketing",
            "initially_suspended": null,
            "max_cluster_count": 2,
            "min_cluster_count": 1,
            "name": "Marketing",
            "resource_monitor": "null",
            "scaling_policy": "ECONOMY",
            "statement_timeout_in_seconds": 0,
            "wait_for_provisioning": null,
            "warehouse_size": "Small"
          },
          "private": "bnVsbA=="
        }
      ]
    }
  ]
}
